
Microsoft Visual Studio Solution File, Format Version 12.00
# Visual Studio 15
VisualStudioVersion = 15.0.26228.29
MinimumVisualStudioVersion = 10.0.40219.1
Project("{FAE04EC0-301F-11D3-BF4B-00C04F79EFBC}") = "blob-connection-manager", "blob-connection-manager\blob-connection-manager.csproj", "{434EC98C-5062-4D63-ABC2-73FE95A7EFA9}"
EndProject
Project("{FAE04EC0-301F-11D3-BF4B-00C04F79EFBC}") = "table-communication-manager", "table-communication-manager\table-communication-manager.csproj", "{77FBB69E-1F90-4592-B609-87FD215A1255}"
EndProject
Project("{FAE04EC0-301F-11D3-BF4B-00C04F79EFBC}") = "queue-communication-manager", "queue-communication-manager\queue-communication-manager.csproj", "{0D4D1A52-0C31-407E-942A-2A89B91B2152}"
EndProject
Global
	GlobalSection(SolutionConfigurationPlatforms) = preSolution
		Debug|Any CPU = Debug|Any CPU
		Release|Any CPU = Release|Any CPU
	EndGlobalSection
	GlobalSection(ProjectConfigurationPlatforms) = postSolution
		{434EC98C-5062-4D63-ABC2-73FE95A7EFA9}.Debug|Any CPU.ActiveCfg = Debug|Any CPU
		{434EC98C-5062-4D63-ABC2-73FE95A7EFA9}.Debug|Any CPU.Build.0 = Debug|Any CPU
		{434EC98C-5062-4D63-ABC2-73FE95A7EFA9}.Release|Any CPU.ActiveCfg = Release|Any CPU
		{434EC98C-5062-4D63-ABC2-73FE95A7EFA9}.Release|Any CPU.Build.0 = Release|Any CPU
		{77FBB69E-1F90-4592-B609-87FD215A1255}.Debug|Any CPU.ActiveCfg = Debug|Any CPU
		{77FBB69E-1F90-4592-B609-87FD215A1255}.Debug|Any CPU.Build.0 = Debug|Any CPU
		{77FBB69E-1F90-4592-B609-87FD215A1255}.Release|Any CPU.ActiveCfg = Release|Any CPU
		{77FBB69E-1F90-4592-B609-87FD215A1255}.Release|Any CPU.Build.0 = Release|Any CPU
		{0D4D1A52-0C31-407E-942A-2A89B91B2152}.Debug|Any CPU.ActiveCfg = Debug|Any CPU
		{0D4D1A52-0C31-407E-942A-2A89B91B2152}.Debug|Any CPU.Build.0 = Debug|Any CPU
		{0D4D1A52-0C31-407E-942A-2A89B91B2152}.Release|Any CPU.ActiveCfg = Release|Any CPU
		{0D4D1A52-0C31-407E-942A-2A89B91B2152}.Release|Any CPU.Build.0 = Release|Any CPU
	EndGlobalSection
	GlobalSection(SolutionProperties) = preSolution
		HideSolutionNode = FALSE
	EndGlobalSection
EndGlobal
